
Microsoft Visual Studio Solution File, Format Version 12.00
# Visual Studio Version 16
VisualStudioVersion = 16.0.29613.14
MinimumVisualStudioVersion = 10.0.40219.1
Project("{FAE04EC0-301F-11D3-BF4B-00C04F79EFBC}") = "Homework-1", "Homework-1\Homework-1.csproj", "{8A061DCD-8D7A-408C-8B8B-677E1B5E9EAE}"
EndProject
Project("{FAE04EC0-301F-11D3-BF4B-00C04F79EFBC}") = "Homework-2", "Homework-2\Homework-2.csproj", "{6EFFA86B-0191-43AE-B6DE-0546C10F743B}"
EndProject
Project("{FAE04EC0-301F-11D3-BF4B-00C04F79EFBC}") = "Homework-3", "Homework-3\Homework-3.csproj", "{89156065-19AF-4ECA-A42F-3114AB8FC0F2}"
EndProject
Project("{FAE04EC0-301F-11D3-BF4B-00C04F79EFBC}") = "Homework-5", "Homework-4\Homework-5.csproj", "{165A6FA6-8B22-4FDE-8586-2E2DCA5695EB}"
EndProject
Project("{FAE04EC0-301F-11D3-BF4B-00C04F79EFBC}") = "Homework_4", "Homework_4\Homework_4.csproj", "{FB26AE62-E689-4FD1-8772-666CBEB8BEE4}"
EndProject
Project("{FAE04EC0-301F-11D3-BF4B-00C04F79EFBC}") = "Homework-6", "Homework-6\Homework-6.csproj", "{B3D42127-7C00-4ED7-B9D6-4935DB6A126E}"
EndProject
Project("{FAE04EC0-301F-11D3-BF4B-00C04F79EFBC}") = "Homework-Cross the river", "Homework-Cross the river\Homework-Cross the river.csproj", "{D7C32486-AEA3-42EE-B04E-1CDE832F683C}"
EndProject
Project("{FAE04EC0-301F-11D3-BF4B-00C04F79EFBC}") = "Homework-8", "Homework-8\Homework-8.csproj", "{E1B403A0-133A-4862-92D8-048AB7916344}"
EndProject
Project("{FAE04EC0-301F-11D3-BF4B-00C04F79EFBC}") = "Homework-9", "Homework-9\Homework-9.csproj", "{7C27098C-56E3-4779-8B29-73077B62EFE6}"
EndProject
Project("{FAE04EC0-301F-11D3-BF4B-00C04F79EFBC}") = "Homework-Luwei", "Homework-Luwei\Homework-Luwei.csproj", "{1EE6FCEE-6B63-4200-ACD8-FE6F1BC85967}"
EndProject
Project("{FAE04EC0-301F-11D3-BF4B-00C04F79EFBC}") = "Homework-Parking", "Homework-Parking\Homework-Parking.csproj", "{0550CBFC-F42C-46B9-973C-21645A60F905}"
EndProject
Project("{FAE04EC0-301F-11D3-BF4B-00C04F79EFBC}") = "Homework-train station", "Homework-train station\Homework-train station.csproj", "{64B3E57A-F74F-4423-896D-10832E66E4B5}"
EndProject
Project("{FAE04EC0-301F-11D3-BF4B-00C04F79EFBC}") = "luwei-2", "luwei-2\luwei-2.csproj", "{07C4A9F3-35EA-4807-8B57-469CB05A8DC4}"
EndProject
Project("{FAE04EC0-301F-11D3-BF4B-00C04F79EFBC}") = "Hackathon-1", "Hackathon-1\Hackathon-1.csproj", "{8313FAD1-3896-477E-BF97-DBA8A70E5B7E}"
EndProject
Project("{FAE04EC0-301F-11D3-BF4B-00C04F79EFBC}") = "Hackathon-2", "Hackathon-2\Hackathon-2.csproj", "{EFEE7B1F-BF8F-43E9-B05B-3745C6553158}"
EndProject
Project("{FAE04EC0-301F-11D3-BF4B-00C04F79EFBC}") = "Hackathon-3", "Hackathon-3\Hackathon-3.csproj", "{25E8F5ED-0978-4768-A5F8-46564F1F05F2}"
EndProject
Project("{FAE04EC0-301F-11D3-BF4B-00C04F79EFBC}") = "Hackathon-4", "Hackathon-4\Hackathon-4.csproj", "{DAF66811-C737-4281-A202-AD0ED24052DE}"
EndProject
Project("{FAE04EC0-301F-11D3-BF4B-00C04F79EFBC}") = "Hackathon-5", "Hackathon-5\Hackathon-5.csproj", "{E6C91F84-71BB-4975-B130-27BB7348B9B6}"
EndProject
Project("{FAE04EC0-301F-11D3-BF4B-00C04F79EFBC}") = "Hackathon-6", "Hackathon-6\Hackathon-6.csproj", "{2B792741-91A3-4121-B024-4947FD268F6A}"
EndProject
Project("{FAE04EC0-301F-11D3-BF4B-00C04F79EFBC}") = "Homework-max value", "Homework-max value\Homework-max value.csproj", "{367F0555-D892-4640-A33B-574B236E7078}"
EndProject
Project("{FAE04EC0-301F-11D3-BF4B-00C04F79EFBC}") = "Homework-palindrome", "Homework-palindrome\Homework-palindrome.csproj", "{9CE1A7A8-3852-4E8F-9D5A-9E953AAE9D6D}"
EndProject
Project("{FAE04EC0-301F-11D3-BF4B-00C04F79EFBC}") = "Homework-console LED", "Homework-console LED\Homework-console LED.csproj", "{1AB18321-719B-4DC8-ADEB-EF9EF12D59DF}"
EndProject
Project("{FAE04EC0-301F-11D3-BF4B-00C04F79EFBC}") = "Homework-Single and double-3", "Homework-Single and double-3\Homework-Single and double-3.csproj", "{8DCF3953-94BA-45CB-B0B4-CBA7A54AFDAF}"
EndProject
Project("{FAE04EC0-301F-11D3-BF4B-00C04F79EFBC}") = "Homework-Performance Calculate", "Homework-Performance Calculate\Homework-Performance Calculate.csproj", "{CEE54D22-D06A-493F-902D-FF7050E29AE3}"
EndProject
Project("{FAE04EC0-301F-11D3-BF4B-00C04F79EFBC}") = "Monopoly", "Monopoly\Monopoly.csproj", "{46707B1C-08C1-4082-B42F-750C50F22DF5}"
EndProject
Project("{FAE04EC0-301F-11D3-BF4B-00C04F79EFBC}") = "Hackathon2-1", "Hackathon2-1\Hackathon2-1.csproj", "{9412C84F-C9BA-4DE4-A37A-B510499068E8}"
EndProject
Project("{FAE04EC0-301F-11D3-BF4B-00C04F79EFBC}") = "Hackathon2-3", "Hackathon2-3\Hackathon2-3.csproj", "{7CDAEFFE-1462-4EB9-B9B6-126090289DF4}"
EndProject
Project("{FAE04EC0-301F-11D3-BF4B-00C04F79EFBC}") = "Hackathon2-4", "Hackathon2-4\Hackathon2-4.csproj", "{AECEF966-F536-483B-A7C7-122718C2B545}"
EndProject
Project("{FAE04EC0-301F-11D3-BF4B-00C04F79EFBC}") = "Hackathon2-7", "Hackathon2-7\Hackathon2-7.csproj", "{5209FFEE-991A-49ED-881C-76EF147C2996}"
EndProject
Project("{FAE04EC0-301F-11D3-BF4B-00C04F79EFBC}") = "Hackathon2-2", "Hackathon2-2\Hackathon2-2.csproj", "{03822ECC-6FED-4781-9693-1D0FF547ED0C}"
EndProject
Project("{FAE04EC0-301F-11D3-BF4B-00C04F79EFBC}") = "Hackathon2-6", "Hackathon2-6\Hackathon2-6.csproj", "{4D46C3BF-B664-4DF4-A94C-B2FF9750A2EF}"
EndProject
Project("{FAE04EC0-301F-11D3-BF4B-00C04F79EFBC}") = "Hackathon2-5", "Hackathon2-5\Hackathon2-5.csproj", "{6FE2BCBF-9872-4111-B1B5-716A1AA74375}"
EndProject
Global
	GlobalSection(SolutionConfigurationPlatforms) = preSolution
		Debug|Any CPU = Debug|Any CPU
		Release|Any CPU = Release|Any CPU
	EndGlobalSection
	GlobalSection(ProjectConfigurationPlatforms) = postSolution
		{8A061DCD-8D7A-408C-8B8B-677E1B5E9EAE}.Debug|Any CPU.ActiveCfg = Debug|Any CPU
		{8A061DCD-8D7A-408C-8B8B-677E1B5E9EAE}.Debug|Any CPU.Build.0 = Debug|Any CPU
		{8A061DCD-8D7A-408C-8B8B-677E1B5E9EAE}.Release|Any CPU.ActiveCfg = Release|Any CPU
		{8A061DCD-8D7A-408C-8B8B-677E1B5E9EAE}.Release|Any CPU.Build.0 = Release|Any CPU
		{6EFFA86B-0191-43AE-B6DE-0546C10F743B}.Debug|Any CPU.ActiveCfg = Debug|Any CPU
		{6EFFA86B-0191-43AE-B6DE-0546C10F743B}.Debug|Any CPU.Build.0 = Debug|Any CPU
		{6EFFA86B-0191-43AE-B6DE-0546C10F743B}.Release|Any CPU.ActiveCfg = Release|Any CPU
		{6EFFA86B-0191-43AE-B6DE-0546C10F743B}.Release|Any CPU.Build.0 = Release|Any CPU
		{89156065-19AF-4ECA-A42F-3114AB8FC0F2}.Debug|Any CPU.ActiveCfg = Debug|Any CPU
		{89156065-19AF-4ECA-A42F-3114AB8FC0F2}.Debug|Any CPU.Build.0 = Debug|Any CPU
		{89156065-19AF-4ECA-A42F-3114AB8FC0F2}.Release|Any CPU.ActiveCfg = Release|Any CPU
		{89156065-19AF-4ECA-A42F-3114AB8FC0F2}.Release|Any CPU.Build.0 = Release|Any CPU
		{165A6FA6-8B22-4FDE-8586-2E2DCA5695EB}.Debug|Any CPU.ActiveCfg = Debug|Any CPU
		{165A6FA6-8B22-4FDE-8586-2E2DCA5695EB}.Debug|Any CPU.Build.0 = Debug|Any CPU
		{165A6FA6-8B22-4FDE-8586-2E2DCA5695EB}.Release|Any CPU.ActiveCfg = Release|Any CPU
		{165A6FA6-8B22-4FDE-8586-2E2DCA5695EB}.Release|Any CPU.Build.0 = Release|Any CPU
		{FB26AE62-E689-4FD1-8772-666CBEB8BEE4}.Debug|Any CPU.ActiveCfg = Debug|Any CPU
		{FB26AE62-E689-4FD1-8772-666CBEB8BEE4}.Debug|Any CPU.Build.0 = Debug|Any CPU
		{FB26AE62-E689-4FD1-8772-666CBEB8BEE4}.Release|Any CPU.ActiveCfg = Release|Any CPU
		{FB26AE62-E689-4FD1-8772-666CBEB8BEE4}.Release|Any CPU.Build.0 = Release|Any CPU
		{B3D42127-7C00-4ED7-B9D6-4935DB6A126E}.Debug|Any CPU.ActiveCfg = Debug|Any CPU
		{B3D42127-7C00-4ED7-B9D6-4935DB6A126E}.Debug|Any CPU.Build.0 = Debug|Any CPU
		{B3D42127-7C00-4ED7-B9D6-4935DB6A126E}.Release|Any CPU.ActiveCfg = Release|Any CPU
		{B3D42127-7C00-4ED7-B9D6-4935DB6A126E}.Release|Any CPU.Build.0 = Release|Any CPU
		{D7C32486-AEA3-42EE-B04E-1CDE832F683C}.Debug|Any CPU.ActiveCfg = Debug|Any CPU
		{D7C32486-AEA3-42EE-B04E-1CDE832F683C}.Debug|Any CPU.Build.0 = Debug|Any CPU
		{D7C32486-AEA3-42EE-B04E-1CDE832F683C}.Release|Any CPU.ActiveCfg = Release|Any CPU
		{D7C32486-AEA3-42EE-B04E-1CDE832F683C}.Release|Any CPU.Build.0 = Release|Any CPU
		{E1B403A0-133A-4862-92D8-048AB7916344}.Debug|Any CPU.ActiveCfg = Debug|Any CPU
		{E1B403A0-133A-4862-92D8-048AB7916344}.Debug|Any CPU.Build.0 = Debug|Any CPU
		{E1B403A0-133A-4862-92D8-048AB7916344}.Release|Any CPU.ActiveCfg = Release|Any CPU
		{E1B403A0-133A-4862-92D8-048AB7916344}.Release|Any CPU.Build.0 = Release|Any CPU
		{7C27098C-56E3-4779-8B29-73077B62EFE6}.Debug|Any CPU.ActiveCfg = Debug|Any CPU
		{7C27098C-56E3-4779-8B29-73077B62EFE6}.Debug|Any CPU.Build.0 = Debug|Any CPU
		{7C27098C-56E3-4779-8B29-73077B62EFE6}.Release|Any CPU.ActiveCfg = Release|Any CPU
		{7C27098C-56E3-4779-8B29-73077B62EFE6}.Release|Any CPU.Build.0 = Release|Any CPU
		{1EE6FCEE-6B63-4200-ACD8-FE6F1BC85967}.Debug|Any CPU.ActiveCfg = Debug|Any CPU
		{1EE6FCEE-6B63-4200-ACD8-FE6F1BC85967}.Debug|Any CPU.Build.0 = Debug|Any CPU
		{1EE6FCEE-6B63-4200-ACD8-FE6F1BC85967}.Release|Any CPU.ActiveCfg = Release|Any CPU
		{1EE6FCEE-6B63-4200-ACD8-FE6F1BC85967}.Release|Any CPU.Build.0 = Release|Any CPU
		{0550CBFC-F42C-46B9-973C-21645A60F905}.Debug|Any CPU.ActiveCfg = Debug|Any CPU
		{0550CBFC-F42C-46B9-973C-21645A60F905}.Debug|Any CPU.Build.0 = Debug|Any CPU
		{0550CBFC-F42C-46B9-973C-21645A60F905}.Release|Any CPU.ActiveCfg = Release|Any CPU
		{0550CBFC-F42C-46B9-973C-21645A60F905}.Release|Any CPU.Build.0 = Release|Any CPU
		{64B3E57A-F74F-4423-896D-10832E66E4B5}.Debug|Any CPU.ActiveCfg = Debug|Any CPU
		{64B3E57A-F74F-4423-896D-10832E66E4B5}.Debug|Any CPU.Build.0 = Debug|Any CPU
		{64B3E57A-F74F-4423-896D-10832E66E4B5}.Release|Any CPU.ActiveCfg = Release|Any CPU
		{64B3E57A-F74F-4423-896D-10832E66E4B5}.Release|Any CPU.Build.0 = Release|Any CPU
		{07C4A9F3-35EA-4807-8B57-469CB05A8DC4}.Debug|Any CPU.ActiveCfg = Debug|Any CPU
		{07C4A9F3-35EA-4807-8B57-469CB05A8DC4}.Debug|Any CPU.Build.0 = Debug|Any CPU
		{07C4A9F3-35EA-4807-8B57-469CB05A8DC4}.Release|Any CPU.ActiveCfg = Release|Any CPU
		{07C4A9F3-35EA-4807-8B57-469CB05A8DC4}.Release|Any CPU.Build.0 = Release|Any CPU
		{8313FAD1-3896-477E-BF97-DBA8A70E5B7E}.Debug|Any CPU.ActiveCfg = Debug|Any CPU
		{8313FAD1-3896-477E-BF97-DBA8A70E5B7E}.Debug|Any CPU.Build.0 = Debug|Any CPU
		{8313FAD1-3896-477E-BF97-DBA8A70E5B7E}.Release|Any CPU.ActiveCfg = Release|Any CPU
		{8313FAD1-3896-477E-BF97-DBA8A70E5B7E}.Release|Any CPU.Build.0 = Release|Any CPU
		{EFEE7B1F-BF8F-43E9-B05B-3745C6553158}.Debug|Any CPU.ActiveCfg = Debug|Any CPU
		{EFEE7B1F-BF8F-43E9-B05B-3745C6553158}.Debug|Any CPU.Build.0 = Debug|Any CPU
		{EFEE7B1F-BF8F-43E9-B05B-3745C6553158}.Release|Any CPU.ActiveCfg = Release|Any CPU
		{EFEE7B1F-BF8F-43E9-B05B-3745C6553158}.Release|Any CPU.Build.0 = Release|Any CPU
		{25E8F5ED-0978-4768-A5F8-46564F1F05F2}.Debug|Any CPU.ActiveCfg = Debug|Any CPU
		{25E8F5ED-0978-4768-A5F8-46564F1F05F2}.Debug|Any CPU.Build.0 = Debug|Any CPU
		{25E8F5ED-0978-4768-A5F8-46564F1F05F2}.Release|Any CPU.ActiveCfg = Release|Any CPU
		{25E8F5ED-0978-4768-A5F8-46564F1F05F2}.Release|Any CPU.Build.0 = Release|Any CPU
		{DAF66811-C737-4281-A202-AD0ED24052DE}.Debug|Any CPU.ActiveCfg = Debug|Any CPU
		{DAF66811-C737-4281-A202-AD0ED24052DE}.Debug|Any CPU.Build.0 = Debug|Any CPU
		{DAF66811-C737-4281-A202-AD0ED24052DE}.Release|Any CPU.ActiveCfg = Release|Any CPU
		{DAF66811-C737-4281-A202-AD0ED24052DE}.Release|Any CPU.Build.0 = Release|Any CPU
		{E6C91F84-71BB-4975-B130-27BB7348B9B6}.Debug|Any CPU.ActiveCfg = Debug|Any CPU
		{E6C91F84-71BB-4975-B130-27BB7348B9B6}.Debug|Any CPU.Build.0 = Debug|Any CPU
		{E6C91F84-71BB-4975-B130-27BB7348B9B6}.Release|Any CPU.ActiveCfg = Release|Any CPU
		{E6C91F84-71BB-4975-B130-27BB7348B9B6}.Release|Any CPU.Build.0 = Release|Any CPU
		{2B792741-91A3-4121-B024-4947FD268F6A}.Debug|Any CPU.ActiveCfg = Debug|Any CPU
		{2B792741-91A3-4121-B024-4947FD268F6A}.Debug|Any CPU.Build.0 = Debug|Any CPU
		{2B792741-91A3-4121-B024-4947FD268F6A}.Release|Any CPU.ActiveCfg = Release|Any CPU
		{2B792741-91A3-4121-B024-4947FD268F6A}.Release|Any CPU.Build.0 = Release|Any CPU
		{367F0555-D892-4640-A33B-574B236E7078}.Debug|Any CPU.ActiveCfg = Debug|Any CPU
		{367F0555-D892-4640-A33B-574B236E7078}.Debug|Any CPU.Build.0 = Debug|Any CPU
		{367F0555-D892-4640-A33B-574B236E7078}.Release|Any CPU.ActiveCfg = Release|Any CPU
		{367F0555-D892-4640-A33B-574B236E7078}.Release|Any CPU.Build.0 = Release|Any CPU
		{9CE1A7A8-3852-4E8F-9D5A-9E953AAE9D6D}.Debug|Any CPU.ActiveCfg = Debug|Any CPU
		{9CE1A7A8-3852-4E8F-9D5A-9E953AAE9D6D}.Debug|Any CPU.Build.0 = Debug|Any CPU
		{9CE1A7A8-3852-4E8F-9D5A-9E953AAE9D6D}.Release|Any CPU.ActiveCfg = Release|Any CPU
		{9CE1A7A8-3852-4E8F-9D5A-9E953AAE9D6D}.Release|Any CPU.Build.0 = Release|Any CPU
		{1AB18321-719B-4DC8-ADEB-EF9EF12D59DF}.Debug|Any CPU.ActiveCfg = Debug|Any CPU
		{1AB18321-719B-4DC8-ADEB-EF9EF12D59DF}.Debug|Any CPU.Build.0 = Debug|Any CPU
		{1AB18321-719B-4DC8-ADEB-EF9EF12D59DF}.Release|Any CPU.ActiveCfg = Release|Any CPU
		{1AB18321-719B-4DC8-ADEB-EF9EF12D59DF}.Release|Any CPU.Build.0 = Release|Any CPU
		{8DCF3953-94BA-45CB-B0B4-CBA7A54AFDAF}.Debug|Any CPU.ActiveCfg = Debug|Any CPU
		{8DCF3953-94BA-45CB-B0B4-CBA7A54AFDAF}.Debug|Any CPU.Build.0 = Debug|Any CPU
		{8DCF3953-94BA-45CB-B0B4-CBA7A54AFDAF}.Release|Any CPU.ActiveCfg = Release|Any CPU
		{8DCF3953-94BA-45CB-B0B4-CBA7A54AFDAF}.Release|Any CPU.Build.0 = Release|Any CPU
		{CEE54D22-D06A-493F-902D-FF7050E29AE3}.Debug|Any CPU.ActiveCfg = Debug|Any CPU
		{CEE54D22-D06A-493F-902D-FF7050E29AE3}.Debug|Any CPU.Build.0 = Debug|Any CPU
		{CEE54D22-D06A-493F-902D-FF7050E29AE3}.Release|Any CPU.ActiveCfg = Release|Any CPU
		{CEE54D22-D06A-493F-902D-FF7050E29AE3}.Release|Any CPU.Build.0 = Release|Any CPU
		{46707B1C-08C1-4082-B42F-750C50F22DF5}.Debug|Any CPU.ActiveCfg = Debug|Any CPU
		{46707B1C-08C1-4082-B42F-750C50F22DF5}.Debug|Any CPU.Build.0 = Debug|Any CPU
		{46707B1C-08C1-4082-B42F-750C50F22DF5}.Release|Any CPU.ActiveCfg = Release|Any CPU
		{46707B1C-08C1-4082-B42F-750C50F22DF5}.Release|Any CPU.Build.0 = Release|Any CPU
		{9412C84F-C9BA-4DE4-A37A-B510499068E8}.Debug|Any CPU.ActiveCfg = Debug|Any CPU
		{9412C84F-C9BA-4DE4-A37A-B510499068E8}.Debug|Any CPU.Build.0 = Debug|Any CPU
		{9412C84F-C9BA-4DE4-A37A-B510499068E8}.Release|Any CPU.ActiveCfg = Release|Any CPU
		{9412C84F-C9BA-4DE4-A37A-B510499068E8}.Release|Any CPU.Build.0 = Release|Any CPU
		{7CDAEFFE-1462-4EB9-B9B6-126090289DF4}.Debug|Any CPU.ActiveCfg = Debug|Any CPU
		{7CDAEFFE-1462-4EB9-B9B6-126090289DF4}.Debug|Any CPU.Build.0 = Debug|Any CPU
		{7CDAEFFE-1462-4EB9-B9B6-126090289DF4}.Release|Any CPU.ActiveCfg = Release|Any CPU
		{7CDAEFFE-1462-4EB9-B9B6-126090289DF4}.Release|Any CPU.Build.0 = Release|Any CPU
		{AECEF966-F536-483B-A7C7-122718C2B545}.Debug|Any CPU.ActiveCfg = Debug|Any CPU
		{AECEF966-F536-483B-A7C7-122718C2B545}.Debug|Any CPU.Build.0 = Debug|Any CPU
		{AECEF966-F536-483B-A7C7-122718C2B545}.Release|Any CPU.ActiveCfg = Release|Any CPU
		{AECEF966-F536-483B-A7C7-122718C2B545}.Release|Any CPU.Build.0 = Release|Any CPU
		{5209FFEE-991A-49ED-881C-76EF147C2996}.Debug|Any CPU.ActiveCfg = Debug|Any CPU
		{5209FFEE-991A-49ED-881C-76EF147C2996}.Debug|Any CPU.Build.0 = Debug|Any CPU
		{5209FFEE-991A-49ED-881C-76EF147C2996}.Release|Any CPU.ActiveCfg = Release|Any CPU
		{5209FFEE-991A-49ED-881C-76EF147C2996}.Release|Any CPU.Build.0 = Release|Any CPU
		{03822ECC-6FED-4781-9693-1D0FF547ED0C}.Debug|Any CPU.ActiveCfg = Debug|Any CPU
		{03822ECC-6FED-4781-9693-1D0FF547ED0C}.Debug|Any CPU.Build.0 = Debug|Any CPU
		{03822ECC-6FED-4781-9693-1D0FF547ED0C}.Release|Any CPU.ActiveCfg = Release|Any CPU
		{03822ECC-6FED-4781-9693-1D0FF547ED0C}.Release|Any CPU.Build.0 = Release|Any CPU
		{4D46C3BF-B664-4DF4-A94C-B2FF9750A2EF}.Debug|Any CPU.ActiveCfg = Debug|Any CPU
		{4D46C3BF-B664-4DF4-A94C-B2FF9750A2EF}.Debug|Any CPU.Build.0 = Debug|Any CPU
		{4D46C3BF-B664-4DF4-A94C-B2FF9750A2EF}.Release|Any CPU.ActiveCfg = Release|Any CPU
		{4D46C3BF-B664-4DF4-A94C-B2FF9750A2EF}.Release|Any CPU.Build.0 = Release|Any CPU
		{6FE2BCBF-9872-4111-B1B5-716A1AA74375}.Debug|Any CPU.ActiveCfg = Debug|Any CPU
		{6FE2BCBF-9872-4111-B1B5-716A1AA74375}.Debug|Any CPU.Build.0 = Debug|Any CPU
		{6FE2BCBF-9872-4111-B1B5-716A1AA74375}.Release|Any CPU.ActiveCfg = Release|Any CPU
		{6FE2BCBF-9872-4111-B1B5-716A1AA74375}.Release|Any CPU.Build.0 = Release|Any CPU
	EndGlobalSection
	GlobalSection(SolutionProperties) = preSolution
		HideSolutionNode = FALSE
	EndGlobalSection
	GlobalSection(ExtensibilityGlobals) = postSolution
		SolutionGuid = {C6035754-8560-4A34-8201-CD5508EB4463}
	EndGlobalSection
EndGlobal
